
Microsoft Visual Studio Solution File, Format Version 12.00
# Visual Studio Version 16
VisualStudioVersion = 16.0.31129.286
MinimumVisualStudioVersion = 10.0.40219.1
Project("{FAE04EC0-301F-11D3-BF4B-00C04F79EFBC}") = "LearnAppService", "LearnAppService.csproj", "{14D07A4F-6C96-4D05-A863-964AF2DB4797}"
EndProject
Global
	GlobalSection(SolutionConfigurationPlatforms) = preSolution
		Debug|Any CPU = Debug|Any CPU
		Release|Any CPU = Release|Any CPU
	EndGlobalSection
	GlobalSection(ProjectConfigurationPlatforms) = postSolution
		{14D07A4F-6C96-4D05-A863-964AF2DB4797}.Debug|Any CPU.ActiveCfg = Debug|Any CPU
		{14D07A4F-6C96-4D05-A863-964AF2DB4797}.Debug|Any CPU.Build.0 = Debug|Any CPU
		{14D07A4F-6C96-4D05-A863-964AF2DB4797}.Release|Any CPU.ActiveCfg = Release|Any CPU
		{14D07A4F-6C96-4D05-A863-964AF2DB4797}.Release|Any CPU.Build.0 = Release|Any CPU
	EndGlobalSection
	GlobalSection(SolutionProperties) = preSolution
		HideSolutionNode = FALSE
	EndGlobalSection
	GlobalSection(ExtensibilityGlobals) = postSolution
		SolutionGuid = {671151B8-361B-438F-BE64-7658244BB97B}
	EndGlobalSection
EndGlobal
